{
  "originHash" : "41aa2b8d817976f0e53c1f344382af78904e7c3adba0713f42375d8527357ebb",
  "pins" : [
    {
      "identity" : "spectrableaccessios",
      "kind" : "remoteSourceControl",
      "location" : "https://github.com/SpectraTech7/SpectraBLEAccessiOS",
      "state" : {
        "branch" : "main",
        "revision" : "1c788d030cb20d872a29e57a895fe80406b8ec51"
      }
    },
    {
      "identity" : "toast-swift",
      "kind" : "remoteSourceControl",
      "location" : "https://github.com/scalessec/Toast-Swift",
      "state" : {
        "revision" : "ddccd20d6fb718448d9b179c454c561653fda7d5",
        "version" : "5.1.1"
      }
    }
  ],
  "version" : 3
}
