// !$*UTF8*$!
{
	archiveVersion = 1;
	classes = {
	};
	objectVersion = 77;
	objects = {

/* Begin PBXBuildFile section */
		885732752DDF51630029CB16 /* Toast in Frameworks */ = {isa = PBXBuildFile; productRef = 885732742DDF51630029CB16 /* Toast */; };
		88972A8B2E9934C60072EF71 /* SpectraBLEiOS in Frameworks */ = {isa = PBXBuildFile; productRef = 88972A8A2E9934C60072EF71 /* SpectraBLEiOS */; };
/* End PBXBuildFile section */

/* Begin PBXContainerItemProxy section */
		888CF97C2D8AD4CE006E9F14 /* PBXContainerItemProxy */ = {
			isa = PBXContainerItemProxy;
			containerPortal = 888CF95D2D8AD4CD006E9F14 /* Project object */;
			proxyType = 1;
			remoteGlobalIDString = 888CF9642D8AD4CD006E9F14;
			remoteInfo = BLESDKCallDemo;
		};
		888CF9862D8AD4CF006E9F14 /* PBXContainerItemProxy */ = {
			isa = PBXContainerItemProxy;
			containerPortal = 888CF95D2D8AD4CD006E9F14 /* Project object */;
			proxyType = 1;
			remoteGlobalIDString = 888CF9642D8AD4CD006E9F14;
			remoteInfo = BLESDKCallDemo;
		};
/* End PBXContainerItemProxy section */

/* Begin PBXFileReference section */
		888CF9652D8AD4CD006E9F14 /* BLESDKCallDemo.app */ = {isa = PBXFileReference; explicitFileType = wrapper.application; includeInIndex = 0; path = BLESDKCallDemo.app; sourceTree = BUILT_PRODUCTS_DIR; };
		888CF97B2D8AD4CE006E9F14 /* BLESDKCallDemoTests.xctest */ = {isa = PBXFileReference; explicitFileType = wrapper.cfbundle; includeInIndex = 0; path = BLESDKCallDemoTests.xctest; sourceTree = BUILT_PRODUCTS_DIR; };
		888CF9852D8AD4CF006E9F14 /* BLESDKCallDemoUITests.xctest */ = {isa = PBXFileReference; explicitFileType = wrapper.cfbundle; includeInIndex = 0; path = BLESDKCallDemoUITests.xctest; sourceTree = BUILT_PRODUCTS_DIR; };
/* End PBXFileReference section */

/* Begin PBXFileSystemSynchronizedBuildFileExceptionSet section */
		888CF98D2D8AD4CF006E9F14 /* Exceptions for "BLESDKCallDemo" folder in "BLESDKCallDemo" target */ = {
			isa = PBXFileSystemSynchronizedBuildFileExceptionSet;
			membershipExceptions = (
				Info.plist,
			);
			target = 888CF9642D8AD4CD006E9F14 /* BLESDKCallDemo */;
		};
/* End PBXFileSystemSynchronizedBuildFileExceptionSet section */

/* Begin PBXFileSystemSynchronizedRootGroup section */
		888CF9672D8AD4CD006E9F14 /* BLESDKCallDemo */ = {
			isa = PBXFileSystemSynchronizedRootGroup;
			exceptions = (
				888CF98D2D8AD4CF006E9F14 /* Exceptions for "BLESDKCallDemo" folder in "BLESDKCallDemo" target */,
			);
			path = BLESDKCallDemo;
			sourceTree = "<group>";
		};
		888CF97E2D8AD4CE006E9F14 /* BLESDKCallDemoTests */ = {
			isa = PBXFileSystemSynchronizedRootGroup;
			path = BLESDKCallDemoTests;
			sourceTree = "<group>";
		};
		888CF9882D8AD4CF006E9F14 /* BLESDKCallDemoUITests */ = {
			isa = PBXFileSystemSynchronizedRootGroup;
			path = BLESDKCallDemoUITests;
			sourceTree = "<group>";
		};
/* End PBXFileSystemSynchronizedRootGroup section */

/* Begin PBXFrameworksBuildPhase section */
		888CF9622D8AD4CD006E9F14 /* Frameworks */ = {
			isa = PBXFrameworksBuildPhase;
			buildActionMask = 2147483647;
			files = (
				885732752DDF51630029CB16 /* Toast in Frameworks */,
				88972A8B2E9934C60072EF71 /* SpectraBLEiOS in Frameworks */,
			);
			runOnlyForDeploymentPostprocessing = 0;
		};
		888CF9782D8AD4CE006E9F14 /* Frameworks */ = {
			isa = PBXFrameworksBuildPhase;
			buildActionMask = 2147483647;
			files = (
			);
			runOnlyForDeploymentPostprocessing = 0;
		};
		888CF9822D8AD4CF006E9F14 /* Frameworks */ = {
			isa = PBXFrameworksBuildPhase;
			buildActionMask = 2147483647;
			files = (
			);
			runOnlyForDeploymentPostprocessing = 0;
		};
/* End PBXFrameworksBuildPhase section */

/* Begin PBXGroup section */
		888CF95C2D8AD4CD006E9F14 = {
			isa = PBXGroup;
			children = (
				888CF9672D8AD4CD006E9F14 /* BLESDKCallDemo */,
				888CF97E2D8AD4CE006E9F14 /* BLESDKCallDemoTests */,
				888CF9882D8AD4CF006E9F14 /* BLESDKCallDemoUITests */,
				888CF9662D8AD4CD006E9F14 /* Products */,
			);
			sourceTree = "<group>";
		};
		888CF9662D8AD4CD006E9F14 /* Products */ = {
			isa = PBXGroup;
			children = (
				888CF9652D8AD4CD006E9F14 /* BLESDKCallDemo.app */,
				888CF97B2D8AD4CE006E9F14 /* BLESDKCallDemoTests.xctest */,
				888CF9852D8AD4CF006E9F14 /* BLESDKCallDemoUITests.xctest */,
			);
			name = Products;
			sourceTree = "<group>";
		};
/* End PBXGroup section */

/* Begin PBXNativeTarget section */
		888CF9642D8AD4CD006E9F14 /* BLESDKCallDemo */ = {
			isa = PBXNativeTarget;
			buildConfigurationList = 888CF98E2D8AD4CF006E9F14 /* Build configuration list for PBXNativeTarget "BLESDKCallDemo" */;
			buildPhases = (
				888CF9612D8AD4CD006E9F14 /* Sources */,
				888CF9622D8AD4CD006E9F14 /* Frameworks */,
				888CF9632D8AD4CD006E9F14 /* Resources */,
			);
			buildRules = (
			);
			dependencies = (
			);
			fileSystemSynchronizedGroups = (
				888CF9672D8AD4CD006E9F14 /* BLESDKCallDemo */,
			);
			name = BLESDKCallDemo;
			packageProductDependencies = (
				885732742DDF51630029CB16 /* Toast */,
				88972A8A2E9934C60072EF71 /* SpectraBLEiOS */,
			);
			productName = BLESDKCallDemo;
			productReference = 888CF9652D8AD4CD006E9F14 /* BLESDKCallDemo.app */;
			productType = "com.apple.product-type.application";
		};
		888CF97A2D8AD4CE006E9F14 /* BLESDKCallDemoTests */ = {
			isa = PBXNativeTarget;
			buildConfigurationList = 888CF9932D8AD4CF006E9F14 /* Build configuration list for PBXNativeTarget "BLESDKCallDemoTests" */;
			buildPhases = (
				888CF9772D8AD4CE006E9F14 /* Sources */,
				888CF9782D8AD4CE006E9F14 /* Frameworks */,
				888CF9792D8AD4CE006E9F14 /* Resources */,
			);
			buildRules = (
			);
			dependencies = (
				888CF97D2D8AD4CE006E9F14 /* PBXTargetDependency */,
			);
			fileSystemSynchronizedGroups = (
				888CF97E2D8AD4CE006E9F14 /* BLESDKCallDemoTests */,
			);
			name = BLESDKCallDemoTests;
			packageProductDependencies = (
			);
			productName = BLESDKCallDemoTests;
			productReference = 888CF97B2D8AD4CE006E9F14 /* BLESDKCallDemoTests.xctest */;
			productType = "com.apple.product-type.bundle.unit-test";
		};
		888CF9842D8AD4CF006E9F14 /* BLESDKCallDemoUITests */ = {
			isa = PBXNativeTarget;
			buildConfigurationList = 888CF9962D8AD4CF006E9F14 /* Build configuration list for PBXNativeTarget "BLESDKCallDemoUITests" */;
			buildPhases = (
				888CF9812D8AD4CF006E9F14 /* Sources */,
				888CF9822D8AD4CF006E9F14 /* Frameworks */,
				888CF9832D8AD4CF006E9F14 /* Resources */,
			);
			buildRules = (
			);
			dependencies = (
				888CF9872D8AD4CF006E9F14 /* PBXTargetDependency */,
			);
			fileSystemSynchronizedGroups = (
				888CF9882D8AD4CF006E9F14 /* BLESDKCallDemoUITests */,
			);
			name = BLESDKCallDemoUITests;
			packageProductDependencies = (
			);
			productName = BLESDKCallDemoUITests;
			productReference = 888CF9852D8AD4CF006E9F14 /* BLESDKCallDemoUITests.xctest */;
			productType = "com.apple.product-type.bundle.ui-testing";
		};
/* End PBXNativeTarget section */

/* Begin PBXProject section */
		888CF95D2D8AD4CD006E9F14 /* Project object */ = {
			isa = PBXProject;
			attributes = {
				BuildIndependentTargetsInParallel = 1;
				LastSwiftUpdateCheck = 1620;
				LastUpgradeCheck = 1620;
				TargetAttributes = {
					888CF9642D8AD4CD006E9F14 = {
						CreatedOnToolsVersion = 16.2;
						LastSwiftMigration = 1620;
					};
					888CF97A2D8AD4CE006E9F14 = {
						CreatedOnToolsVersion = 16.2;
						TestTargetID = 888CF9642D8AD4CD006E9F14;
					};
					888CF9842D8AD4CF006E9F14 = {
						CreatedOnToolsVersion = 16.2;
						TestTargetID = 888CF9642D8AD4CD006E9F14;
					};
				};
			};
			buildConfigurationList = 888CF9602D8AD4CD006E9F14 /* Build configuration list for PBXProject "BLESDKCallDemo" */;
			developmentRegion = en;
			hasScannedForEncodings = 0;
			knownRegions = (
				en,
				Base,
			);
			mainGroup = 888CF95C2D8AD4CD006E9F14;
			minimizedProjectReferenceProxies = 1;
			packageReferences = (
				885732732DDF51630029CB16 /* XCRemoteSwiftPackageReference "Toast-Swift" */,
				88972A892E9934C60072EF71 /* XCRemoteSwiftPackageReference "SpectraBLEAccessiOS" */,
			);
			preferredProjectObjectVersion = 77;
			productRefGroup = 888CF9662D8AD4CD006E9F14 /* Products */;
			projectDirPath = "";
			projectRoot = "";
			targets = (
				888CF9642D8AD4CD006E9F14 /* BLESDKCallDemo */,
				888CF97A2D8AD4CE006E9F14 /* BLESDKCallDemoTests */,
				888CF9842D8AD4CF006E9F14 /* BLESDKCallDemoUITests */,
			);
		};
/* End PBXProject section */

/* Begin PBXResourcesBuildPhase section */
		888CF9632D8AD4CD006E9F14 /* Resources */ = {
			isa = PBXResourcesBuildPhase;
			buildActionMask = 2147483647;
			files = (
			);
			runOnlyForDeploymentPostprocessing = 0;
		};
		888CF9792D8AD4CE006E9F14 /* Resources */ = {
			isa = PBXResourcesBuildPhase;
			buildActionMask = 2147483647;
			files = (
			);
			runOnlyForDeploymentPostprocessing = 0;
		};
		888CF9832D8AD4CF006E9F14 /* Resources */ = {
			isa = PBXResourcesBuildPhase;
			buildActionMask = 2147483647;
			files = (
			);
			runOnlyForDeploymentPostprocessing = 0;
		};
/* End PBXResourcesBuildPhase section */

/* Begin PBXSourcesBuildPhase section */
		888CF9612D8AD4CD006E9F14 /* Sources */ = {
			isa = PBXSourcesBuildPhase;
			buildActionMask = 2147483647;
			files = (
			);
			runOnlyForDeploymentPostprocessing = 0;
		};
		888CF9772D8AD4CE006E9F14 /* Sources */ = {
			isa = PBXSourcesBuildPhase;
			buildActionMask = 2147483647;
			files = (
			);
			runOnlyForDeploymentPostprocessing = 0;
		};
		888CF9812D8AD4CF006E9F14 /* Sources */ = {
			isa = PBXSourcesBuildPhase;
			buildActionMask = 2147483647;
			files = (
			);
			runOnlyForDeploymentPostprocessing = 0;
		};
/* End PBXSourcesBuildPhase section */

/* Begin PBXTargetDependency section */
		888CF97D2D8AD4CE006E9F14 /* PBXTargetDependency */ = {
			isa = PBXTargetDependency;
			target = 888CF9642D8AD4CD006E9F14 /* BLESDKCallDemo */;
			targetProxy = 888CF97C2D8AD4CE006E9F14 /* PBXContainerItemProxy */;
		};
		888CF9872D8AD4CF006E9F14 /* PBXTargetDependency */ = {
			isa = PBXTargetDependency;
			target = 888CF9642D8AD4CD006E9F14 /* BLESDKCallDemo */;
			targetProxy = 888CF9862D8AD4CF006E9F14 /* PBXContainerItemProxy */;
		};
/* End PBXTargetDependency section */

/* Begin XCBuildConfiguration section */
		888CF98F2D8AD4CF006E9F14 /* Debug */ = {
			isa = XCBuildConfiguration;
			buildSettings = {
				ASSETCATALOG_COMPILER_APPICON_NAME = AppIcon;
				ASSETCATALOG_COMPILER_GLOBAL_ACCENT_COLOR_NAME = AccentColor;
				CLANG_ENABLE_MODULES = YES;
				CODE_SIGN_STYLE = Automatic;
				CURRENT_PROJECT_VERSION = 1.0;
				DEVELOPMENT_TEAM = 44922LKETM;
				GENERATE_INFOPLIST_FILE = YES;
				INFOPLIST_FILE = BLESDKCallDemo/Info.plist;
				INFOPLIST_KEY_NSBluetoothAlwaysUsageDescription = "This app requires Bluetooth access to connect to nearby BLE devices.";
				INFOPLIST_KEY_NSBluetoothPeripheralUsageDescription = "This app needs Bluetooth to communicate with BLE peripherals.";
				INFOPLIST_KEY_NSLocationAlwaysAndWhenInUseUsageDescription = "We need access to your location even when you're not using the app to allow access to our BLE device to mark your punch.";
				INFOPLIST_KEY_NSLocationWhenInUseUsageDescription = "We need access to your location even when you're not using the app to allow access to our BLE device to mark your punch.";
				INFOPLIST_KEY_UIApplicationSupportsIndirectInputEvents = YES;
				INFOPLIST_KEY_UILaunchStoryboardName = LaunchScreen;
				INFOPLIST_KEY_UIMainStoryboardFile = Main;
				INFOPLIST_KEY_UISupportedInterfaceOrientations_iPad = "UIInterfaceOrientationPortrait UIInterfaceOrientationPortraitUpsideDown UIInterfaceOrientationLandscapeLeft UIInterfaceOrientationLandscapeRight";
				INFOPLIST_KEY_UISupportedInterfaceOrientations_iPhone = "UIInterfaceOrientationPortrait UIInterfaceOrientationLandscapeLeft UIInterfaceOrientationLandscapeRight";
				IPHONEOS_DEPLOYMENT_TARGET = 15.6;
				LD_RUNPATH_SEARCH_PATHS = (
					"$(inherited)",
					"@executable_path/Frameworks",
				);
				MARKETING_VERSION = 1.0;
				PRODUCT_BUNDLE_IDENTIFIER = app.com.demo1.BLESDKCallDemo;
				PRODUCT_NAME = "$(TARGET_NAME)";
				SWIFT_EMIT_LOC_STRINGS = YES;
				SWIFT_OBJC_BRIDGING_HEADER = "";
				SWIFT_OPTIMIZATION_LEVEL = "-Onone";
				SWIFT_VERSION = 5.0;
				TARGETED_DEVICE_FAMILY = "1,2";
			};
			name = Debug;
		};
		888CF9902D8AD4CF006E9F14 /* Release */ = {
			isa = XCBuildConfiguration;
			buildSettings = {
				ASSETCATALOG_COMPILER_APPICON_NAME = AppIcon;
				ASSETCATALOG_COMPILER_GLOBAL_ACCENT_COLOR_NAME = AccentColor;
				CLANG_ENABLE_MODULES = YES;
				CODE_SIGN_STYLE = Automatic;
				CURRENT_PROJECT_VERSION = 1.0;
				DEVELOPMENT_TEAM = 44922LKETM;
				GENERATE_INFOPLIST_FILE = YES;
				INFOPLIST_FILE = BLESDKCallDemo/Info.plist;
				INFOPLIST_KEY_NSBluetoothAlwaysUsageDescription = "This app requires Bluetooth access to connect to nearby BLE devices.";
				INFOPLIST_KEY_NSBluetoothPeripheralUsageDescription = "This app needs Bluetooth to communicate with BLE peripherals.";
				INFOPLIST_KEY_NSLocationAlwaysAndWhenInUseUsageDescription = "We need access to your location even when you're not using the app to allow access to our BLE device to mark your punch.";
				INFOPLIST_KEY_NSLocationWhenInUseUsageDescription = "We need access to your location even when you're not using the app to allow access to our BLE device to mark your punch.";
				INFOPLIST_KEY_UIApplicationSupportsIndirectInputEvents = YES;
				INFOPLIST_KEY_UILaunchStoryboardName = LaunchScreen;
				INFOPLIST_KEY_UIMainStoryboardFile = Main;
				INFOPLIST_KEY_UISupportedInterfaceOrientations_iPad = "UIInterfaceOrientationPortrait UIInterfaceOrientationPortraitUpsideDown UIInterfaceOrientationLandscapeLeft UIInterfaceOrientationLandscapeRight";
				INFOPLIST_KEY_UISupportedInterfaceOrientations_iPhone = "UIInterfaceOrientationPortrait UIInterfaceOrientationLandscapeLeft UIInterfaceOrientationLandscapeRight";
				IPHONEOS_DEPLOYMENT_TARGET = 15.6;
				LD_RUNPATH_SEARCH_PATHS = (
					"$(inherited)",
					"@executable_path/Frameworks",
				);
				MARKETING_VERSION = 1.0;
				PRODUCT_BUNDLE_IDENTIFIER = app.com.demo1.BLESDKCallDemo;
				PRODUCT_NAME = "$(TARGET_NAME)";
				SWIFT_EMIT_LOC_STRINGS = YES;
				SWIFT_OBJC_BRIDGING_HEADER = "";
				SWIFT_VERSION = 5.0;
				TARGETED_DEVICE_FAMILY = "1,2";
			};
			name = Release;
		};
		888CF9912D8AD4CF006E9F14 /* Debug */ = {
			isa = XCBuildConfiguration;
			buildSettings = {
				ALWAYS_SEARCH_USER_PATHS = NO;
				ASSETCATALOG_COMPILER_GENERATE_SWIFT_ASSET_SYMBOL_EXTENSIONS = YES;
				CLANG_ANALYZER_NONNULL = YES;
				CLANG_ANALYZER_NUMBER_OBJECT_CONVERSION = YES_AGGRESSIVE;
				CLANG_CXX_LANGUAGE_STANDARD = "gnu++20";
				CLANG_ENABLE_MODULES = YES;
				CLANG_ENABLE_OBJC_ARC = YES;
				CLANG_ENABLE_OBJC_WEAK = YES;
				CLANG_WARN_BLOCK_CAPTURE_AUTORELEASING = YES;
				CLANG_WARN_BOOL_CONVERSION = YES;
				CLANG_WARN_COMMA = YES;
				CLANG_WARN_CONSTANT_CONVERSION = YES;
				CLANG_WARN_DEPRECATED_OBJC_IMPLEMENTATIONS = YES;
				CLANG_WARN_DIRECT_OBJC_ISA_USAGE = YES_ERROR;
				CLANG_WARN_DOCUMENTATION_COMMENTS = YES;
				CLANG_WARN_EMPTY_BODY = YES;
				CLANG_WARN_ENUM_CONVERSION = YES;
				CLANG_WARN_INFINITE_RECURSION = YES;
				CLANG_WARN_INT_CONVERSION = YES;
				CLANG_WARN_NON_LITERAL_NULL_CONVERSION = YES;
				CLANG_WARN_OBJC_IMPLICIT_RETAIN_SELF = YES;
				CLANG_WARN_OBJC_LITERAL_CONVERSION = YES;
				CLANG_WARN_OBJC_ROOT_CLASS = YES_ERROR;
				CLANG_WARN_QUOTED_INCLUDE_IN_FRAMEWORK_HEADER = YES;
				CLANG_WARN_RANGE_LOOP_ANALYSIS = YES;
				CLANG_WARN_STRICT_PROTOTYPES = YES;
				CLANG_WARN_SUSPICIOUS_MOVE = YES;
				CLANG_WARN_UNGUARDED_AVAILABILITY = YES_AGGRESSIVE;
				CLANG_WARN_UNREACHABLE_CODE = YES;
				CLANG_WARN__DUPLICATE_METHOD_MATCH = YES;
				COPY_PHASE_STRIP = NO;
				DEBUG_INFORMATION_FORMAT = dwarf;
				ENABLE_STRICT_OBJC_MSGSEND = YES;
				ENABLE_TESTABILITY = YES;
				ENABLE_USER_SCRIPT_SANDBOXING = YES;
				GCC_C_LANGUAGE_STANDARD = gnu17;
				GCC_DYNAMIC_NO_PIC = NO;
				GCC_NO_COMMON_BLOCKS = YES;
				GCC_OPTIMIZATION_LEVEL = 0;
				GCC_PREPROCESSOR_DEFINITIONS = (
					"DEBUG=1",
					"$(inherited)",
				);
				GCC_WARN_64_TO_32_BIT_CONVERSION = YES;
				GCC_WARN_ABOUT_RETURN_TYPE = YES_ERROR;
				GCC_WARN_UNDECLARED_SELECTOR = YES;
				GCC_WARN_UNINITIALIZED_AUTOS = YES_AGGRESSIVE;
				GCC_WARN_UNUSED_FUNCTION = YES;
				GCC_WARN_UNUSED_VARIABLE = YES;
				IPHONEOS_DEPLOYMENT_TARGET = 18.2;
				LOCALIZATION_PREFERS_STRING_CATALOGS = YES;
				MTL_ENABLE_DEBUG_INFO = INCLUDE_SOURCE;
				MTL_FAST_MATH = YES;
				ONLY_ACTIVE_ARCH = YES;
				SDKROOT = iphoneos;
				SWIFT_ACTIVE_COMPILATION_CONDITIONS = "DEBUG $(inherited)";
				SWIFT_OPTIMIZATION_LEVEL = "-Onone";
			};
			name = Debug;
		};
		888CF9922D8AD4CF006E9F14 /* Release */ = {
			isa = XCBuildConfiguration;
			buildSettings = {
				ALWAYS_SEARCH_USER_PATHS = NO;
				ASSETCATALOG_COMPILER_GENERATE_SWIFT_ASSET_SYMBOL_EXTENSIONS = YES;
				CLANG_ANALYZER_NONNULL = YES;
				CLANG_ANALYZER_NUMBER_OBJECT_CONVERSION = YES_AGGRESSIVE;
				CLANG_CXX_LANGUAGE_STANDARD = "gnu++20";
				CLANG_ENABLE_MODULES = YES;
				CLANG_ENABLE_OBJC_ARC = YES;
				CLANG_ENABLE_OBJC_WEAK = YES;
				CLANG_WARN_BLOCK_CAPTURE_AUTORELEASING = YES;
				CLANG_WARN_BOOL_CONVERSION = YES;
				CLANG_WARN_COMMA = YES;
				CLANG_WARN_CONSTANT_CONVERSION = YES;
				CLANG_WARN_DEPRECATED_OBJC_IMPLEMENTATIONS = YES;
				CLANG_WARN_DIRECT_OBJC_ISA_USAGE = YES_ERROR;
				CLANG_WARN_DOCUMENTATION_COMMENTS = YES;
				CLANG_WARN_EMPTY_BODY = YES;
				CLANG_WARN_ENUM_CONVERSION = YES;
				CLANG_WARN_INFINITE_RECURSION = YES;
				CLANG_WARN_INT_CONVERSION = YES;
				CLANG_WARN_NON_LITERAL_NULL_CONVERSION = YES;
				CLANG_WARN_OBJC_IMPLICIT_RETAIN_SELF = YES;
				CLANG_WARN_OBJC_LITERAL_CONVERSION = YES;
				CLANG_WARN_OBJC_ROOT_CLASS = YES_ERROR;
				CLANG_WARN_QUOTED_INCLUDE_IN_FRAMEWORK_HEADER = YES;
				CLANG_WARN_RANGE_LOOP_ANALYSIS = YES;
				CLANG_WARN_STRICT_PROTOTYPES = YES;
				CLANG_WARN_SUSPICIOUS_MOVE = YES;
				CLANG_WARN_UNGUARDED_AVAILABILITY = YES_AGGRESSIVE;
				CLANG_WARN_UNREACHABLE_CODE = YES;
				CLANG_WARN__DUPLICATE_METHOD_MATCH = YES;
				COPY_PHASE_STRIP = NO;
				DEBUG_INFORMATION_FORMAT = "dwarf-with-dsym";
				ENABLE_NS_ASSERTIONS = NO;
				ENABLE_STRICT_OBJC_MSGSEND = YES;
				ENABLE_USER_SCRIPT_SANDBOXING = YES;
				GCC_C_LANGUAGE_STANDARD = gnu17;
				GCC_NO_COMMON_BLOCKS = YES;
				GCC_WARN_64_TO_32_BIT_CONVERSION = YES;
				GCC_WARN_ABOUT_RETURN_TYPE = YES_ERROR;
				GCC_WARN_UNDECLARED_SELECTOR = YES;
				GCC_WARN_UNINITIALIZED_AUTOS = YES_AGGRESSIVE;
				GCC_WARN_UNUSED_FUNCTION = YES;
				GCC_WARN_UNUSED_VARIABLE = YES;
				IPHONEOS_DEPLOYMENT_TARGET = 18.2;
				LOCALIZATION_PREFERS_STRING_CATALOGS = YES;
				MTL_ENABLE_DEBUG_INFO = NO;
				MTL_FAST_MATH = YES;
				SDKROOT = iphoneos;
				SWIFT_COMPILATION_MODE = wholemodule;
				VALIDATE_PRODUCT = YES;
			};
			name = Release;
		};
		888CF9942D8AD4CF006E9F14 /* Debug */ = {
			isa = XCBuildConfiguration;
			buildSettings = {
				BUNDLE_LOADER = "$(TEST_HOST)";
				CODE_SIGN_STYLE = Automatic;
				CURRENT_PROJECT_VERSION = 1;
				DEVELOPMENT_TEAM = 44922LKETM;
				GENERATE_INFOPLIST_FILE = YES;
				IPHONEOS_DEPLOYMENT_TARGET = 18.2;
				MARKETING_VERSION = 1.0;
				PRODUCT_BUNDLE_IDENTIFIER = app.com.demo1.BLESDKCallDemoTests;
				PRODUCT_NAME = "$(TARGET_NAME)";
				SWIFT_EMIT_LOC_STRINGS = NO;
				SWIFT_VERSION = 5.0;
				TARGETED_DEVICE_FAMILY = "1,2";
				TEST_HOST = "$(BUILT_PRODUCTS_DIR)/BLESDKCallDemo.app/$(BUNDLE_EXECUTABLE_FOLDER_PATH)/BLESDKCallDemo";
			};
			name = Debug;
		};
		888CF9952D8AD4CF006E9F14 /* Release */ = {
			isa = XCBuildConfiguration;
			buildSettings = {
				BUNDLE_LOADER = "$(TEST_HOST)";
				CODE_SIGN_STYLE = Automatic;
				CURRENT_PROJECT_VERSION = 1;
				DEVELOPMENT_TEAM = 44922LKETM;
				GENERATE_INFOPLIST_FILE = YES;
				IPHONEOS_DEPLOYMENT_TARGET = 18.2;
				MARKETING_VERSION = 1.0;
				PRODUCT_BUNDLE_IDENTIFIER = app.com.demo1.BLESDKCallDemoTests;
				PRODUCT_NAME = "$(TARGET_NAME)";
				SWIFT_EMIT_LOC_STRINGS = NO;
				SWIFT_VERSION = 5.0;
				TARGETED_DEVICE_FAMILY = "1,2";
				TEST_HOST = "$(BUILT_PRODUCTS_DIR)/BLESDKCallDemo.app/$(BUNDLE_EXECUTABLE_FOLDER_PATH)/BLESDKCallDemo";
			};
			name = Release;
		};
		888CF9972D8AD4CF006E9F14 /* Debug */ = {
			isa = XCBuildConfiguration;
			buildSettings = {
				CODE_SIGN_STYLE = Automatic;
				CURRENT_PROJECT_VERSION = 1;
				DEVELOPMENT_TEAM = 44922LKETM;
				GENERATE_INFOPLIST_FILE = YES;
				MARKETING_VERSION = 1.0;
				PRODUCT_BUNDLE_IDENTIFIER = app.com.demo1.BLESDKCallDemoUITests;
				PRODUCT_NAME = "$(TARGET_NAME)";
				SWIFT_EMIT_LOC_STRINGS = NO;
				SWIFT_VERSION = 5.0;
				TARGETED_DEVICE_FAMILY = "1,2";
				TEST_TARGET_NAME = BLESDKCallDemo;
			};
			name = Debug;
		};
		888CF9982D8AD4CF006E9F14 /* Release */ = {
			isa = XCBuildConfiguration;
			buildSettings = {
				CODE_SIGN_STYLE = Automatic;
				CURRENT_PROJECT_VERSION = 1;
				DEVELOPMENT_TEAM = 44922LKETM;
				GENERATE_INFOPLIST_FILE = YES;
				MARKETING_VERSION = 1.0;
				PRODUCT_BUNDLE_IDENTIFIER = app.com.demo1.BLESDKCallDemoUITests;
				PRODUCT_NAME = "$(TARGET_NAME)";
				SWIFT_EMIT_LOC_STRINGS = NO;
				SWIFT_VERSION = 5.0;
				TARGETED_DEVICE_FAMILY = "1,2";
				TEST_TARGET_NAME = BLESDKCallDemo;
			};
			name = Release;
		};
/* End XCBuildConfiguration section */

/* Begin XCConfigurationList section */
		888CF9602D8AD4CD006E9F14 /* Build configuration list for PBXProject "BLESDKCallDemo" */ = {
			isa = XCConfigurationList;
			buildConfigurations = (
				888CF9912D8AD4CF006E9F14 /* Debug */,
				888CF9922D8AD4CF006E9F14 /* Release */,
			);
			defaultConfigurationIsVisible = 0;
			defaultConfigurationName = Release;
		};
		888CF98E2D8AD4CF006E9F14 /* Build configuration list for PBXNativeTarget "BLESDKCallDemo" */ = {
			isa = XCConfigurationList;
			buildConfigurations = (
				888CF98F2D8AD4CF006E9F14 /* Debug */,
				888CF9902D8AD4CF006E9F14 /* Release */,
			);
			defaultConfigurationIsVisible = 0;
			defaultConfigurationName = Release;
		};
		888CF9932D8AD4CF006E9F14 /* Build configuration list for PBXNativeTarget "BLESDKCallDemoTests" */ = {
			isa = XCConfigurationList;
			buildConfigurations = (
				888CF9942D8AD4CF006E9F14 /* Debug */,
				888CF9952D8AD4CF006E9F14 /* Release */,
			);
			defaultConfigurationIsVisible = 0;
			defaultConfigurationName = Release;
		};
		888CF9962D8AD4CF006E9F14 /* Build configuration list for PBXNativeTarget "BLESDKCallDemoUITests" */ = {
			isa = XCConfigurationList;
			buildConfigurations = (
				888CF9972D8AD4CF006E9F14 /* Debug */,
				888CF9982D8AD4CF006E9F14 /* Release */,
			);
			defaultConfigurationIsVisible = 0;
			defaultConfigurationName = Release;
		};
/* End XCConfigurationList section */

/* Begin XCRemoteSwiftPackageReference section */
		885732732DDF51630029CB16 /* XCRemoteSwiftPackageReference "Toast-Swift" */ = {
			isa = XCRemoteSwiftPackageReference;
			repositoryURL = "https://github.com/scalessec/Toast-Swift";
			requirement = {
				kind = upToNextMajorVersion;
				minimumVersion = 5.1.1;
			};
		};
		88972A892E9934C60072EF71 /* XCRemoteSwiftPackageReference "SpectraBLEAccessiOS" */ = {
			isa = XCRemoteSwiftPackageReference;
			repositoryURL = "https://github.com/SpectraTech7/SpectraBLEAccessiOS";
			requirement = {
				branch = main;
				kind = branch;
			};
		};
/* End XCRemoteSwiftPackageReference section */

/* Begin XCSwiftPackageProductDependency section */
		885732742DDF51630029CB16 /* Toast */ = {
			isa = XCSwiftPackageProductDependency;
			package = 885732732DDF51630029CB16 /* XCRemoteSwiftPackageReference "Toast-Swift" */;
			productName = Toast;
		};
		88972A8A2E9934C60072EF71 /* SpectraBLEiOS */ = {
			isa = XCSwiftPackageProductDependency;
			package = 88972A892E9934C60072EF71 /* XCRemoteSwiftPackageReference "SpectraBLEAccessiOS" */;
			productName = SpectraBLEiOS;
		};
/* End XCSwiftPackageProductDependency section */
	};
	rootObject = 888CF95D2D8AD4CD006E9F14 /* Project object */;
}
